{
  "version": 4,
  "terraform_version": "1.12.2",
  "serial": 51,
  "lineage": "79348325-cb8b-b83e-8200-61c20aaddc4e",
  "outputs": {
    "bucket_name": {
      "value": "www.thabojafta.co.za",
      "type": "string"
    },
    "full_domain": {
      "value": "www.thabojafta.co.za",
      "type": "string"
    }
  },
  "resources": [
    {
      "mode": "data",
      "type": "aws_route53_zone",
      "name": "primary",
      "provider": "provider[\"registry.terraform.io/hashicorp/aws\"]",
      "instances": [
        {
          "schema_version": 0,
          "attributes": {
            "arn": "arn:aws:route53:::hostedzone/Z103078239KXHJPGC52ZZ",
            "caller_reference": "terraform-20250812140620790200000001",
            "comment": "Managed by Terraform",
            "id": "Z103078239KXHJPGC52ZZ",
            "linked_service_description": null,
            "linked_service_principal": null,
            "name": "thabojafta.co.za",
            "name_servers": [
              "ns-1699.awsdns-20.co.uk",
              "ns-583.awsdns-08.net",
              "ns-77.awsdns-09.com",
              "ns-1086.awsdns-07.org"
            ],
            "primary_name_server": "ns-1699.awsdns-20.co.uk",
            "private_zone": false,
            "resource_record_set_count": 4,
            "tags": {
              "Environment": "production",
              "Name": "thabojafta.co.za",
              "Project": "static-website"
            },
            "vpc_id": null,
            "zone_id": "Z103078239KXHJPGC52ZZ"
          },
          "sensitive_attributes": [],
          "identity_schema_version": 0
        }
      ]
    },
    {
      "mode": "managed",
      "type": "aws_acm_certificate",
      "name": "cert",
      "provider": "provider[\"registry.terraform.io/hashicorp/aws\"]",
      "instances": [
        {
          "schema_version": 0,
          "attributes": {
            "arn": "arn:aws:acm:us-east-1:905418095730:certificate/32eff331-b554-4c7a-9d14-86ddad5b9dce",
            "certificate_authority_arn": "",
            "certificate_body": null,
            "certificate_chain": null,
            "domain_name": "www.thabojafta.co.za",
            "domain_validation_options": [
              {
                "domain_name": "www.thabojafta.co.za",
                "resource_record_name": "_5b9e8a3fcf01db4f68665e2b1c859e7e.www.thabojafta.co.za.",
                "resource_record_type": "CNAME",
                "resource_record_value": "_c68f9828c896689a4dc07f3eced0db79.xlfgrmvvlj.acm-validations.aws."
              }
            ],
            "early_renewal_duration": "",
            "id": "arn:aws:acm:us-east-1:905418095730:certificate/32eff331-b554-4c7a-9d14-86ddad5b9dce",
            "key_algorithm": "RSA_2048",
            "not_after": "",
            "not_before": "",
            "options": [
              {
                "certificate_transparency_logging_preference": "ENABLED",
                "export": "DISABLED"
              }
            ],
            "pending_renewal": false,
            "private_key": null,
            "region": "us-east-1",
            "renewal_eligibility": "INELIGIBLE",
            "renewal_summary": [],
            "status": "PENDING_VALIDATION",
            "subject_alternative_names": [
              "www.thabojafta.co.za"
            ],
            "tags": {},
            "tags_all": {},
            "type": "AMAZON_ISSUED",
            "validation_emails": [],
            "validation_method": "DNS",
            "validation_option": []
          },
          "sensitive_attributes": [
            [
              {
                "type": "get_attr",
                "value": "private_key"
              }
            ]
          ],
          "identity_schema_version": 0,
          "identity": {
            "arn": "arn:aws:acm:us-east-1:905418095730:certificate/32eff331-b554-4c7a-9d14-86ddad5b9dce"
          },
          "private": "bnVsbA==",
          "create_before_destroy": true
        },
        {
          "deposed": "85f5dbd8",
          "schema_version": 0,
          "attributes": {
            "arn": "arn:aws:acm:us-east-1:905418095730:certificate/63c0ee63-2e39-41e8-aa5d-c362a92caa5c",
            "certificate_authority_arn": "",
            "certificate_body": null,
            "certificate_chain": null,
            "domain_name": "thabojafta.co.za",
            "domain_validation_options": [],
            "early_renewal_duration": "",
            "id": "arn:aws:acm:us-east-1:905418095730:certificate/63c0ee63-2e39-41e8-aa5d-c362a92caa5c",
            "key_algorithm": "RSA_2048",
            "not_after": "",
            "not_before": "",
            "options": [
              {
                "certificate_transparency_logging_preference": "ENABLED",
                "export": "DISABLED"
              }
            ],
            "pending_renewal": false,
            "private_key": null,
            "region": "us-east-1",
            "renewal_eligibility": "INELIGIBLE",
            "renewal_summary": [],
            "status": "PENDING_VALIDATION",
            "subject_alternative_names": [
              "aws-demo.thabojafta.co.za",
              "thabojafta.co.za"
            ],
            "tags": {},
            "tags_all": {},
            "type": "AMAZON_ISSUED",
            "validation_emails": [
              "admin@thabojafta.co.za",
              "administrator@thabojafta.co.za",
              "hostmaster@thabojafta.co.za",
              "postmaster@thabojafta.co.za",
              "webmaster@thabojafta.co.za",
              "admin@aws-demo.thabojafta.co.za",
              "administrator@aws-demo.thabojafta.co.za",
              "hostmaster@aws-demo.thabojafta.co.za",
              "postmaster@aws-demo.thabojafta.co.za",
              "webmaster@aws-demo.thabojafta.co.za"
            ],
            "validation_method": "EMAIL",
            "validation_option": [
              {
                "domain_name": "thabojafta.co.za",
                "validation_domain": "thabojafta.co.za"
              }
            ]
          },
          "sensitive_attributes": [
            [
              {
                "type": "get_attr",
                "value": "private_key"
              }
            ]
          ],
          "identity_schema_version": 0,
          "identity": {
            "arn": "arn:aws:acm:us-east-1:905418095730:certificate/63c0ee63-2e39-41e8-aa5d-c362a92caa5c"
          },
          "private": "bnVsbA==",
          "create_before_destroy": true
        },
        {
          "deposed": "9c70fddf",
          "schema_version": 0,
          "attributes": {
            "arn": "arn:aws:acm:us-east-1:905418095730:certificate/a6f81e68-4761-411f-974f-8130ff417a8e",
            "certificate_authority_arn": "",
            "certificate_body": null,
            "certificate_chain": null,
            "domain_name": "aws-demo.thabojafta.co.za",
            "domain_validation_options": [],
            "early_renewal_duration": "",
            "id": "arn:aws:acm:us-east-1:905418095730:certificate/a6f81e68-4761-411f-974f-8130ff417a8e",
            "key_algorithm": "RSA_2048",
            "not_after": "",
            "not_before": "",
            "options": [
              {
                "certificate_transparency_logging_preference": "ENABLED",
                "export": "DISABLED"
              }
            ],
            "pending_renewal": false,
            "private_key": null,
            "region": "us-east-1",
            "renewal_eligibility": "INELIGIBLE",
            "renewal_summary": [],
            "status": "PENDING_VALIDATION",
            "subject_alternative_names": [
              "aws-demo.thabojafta.co.za"
            ],
            "tags": {},
            "tags_all": {},
            "type": "AMAZON_ISSUED",
            "validation_emails": [
              "admin@thabojafta.co.za",
              "administrator@thabojafta.co.za",
              "hostmaster@thabojafta.co.za",
              "postmaster@thabojafta.co.za",
              "webmaster@thabojafta.co.za"
            ],
            "validation_method": "EMAIL",
            "validation_option": [
              {
                "domain_name": "aws-demo.thabojafta.co.za",
                "validation_domain": "thabojafta.co.za"
              }
            ]
          },
          "sensitive_attributes": [
            [
              {
                "type": "get_attr",
                "value": "private_key"
              }
            ]
          ],
          "identity_schema_version": 0,
          "identity": {
            "arn": "arn:aws:acm:us-east-1:905418095730:certificate/a6f81e68-4761-411f-974f-8130ff417a8e"
          },
          "private": "bnVsbA==",
          "create_before_destroy": true
        },
        {
          "deposed": "fe2b2c51",
          "schema_version": 0,
          "attributes": {
            "arn": "arn:aws:acm:us-east-1:905418095730:certificate/d3487673-fb8e-4793-8a55-a7e16b46f547",
            "certificate_authority_arn": "",
            "certificate_body": null,
            "certificate_chain": null,
            "domain_name": "aws-demo.thabojafta.co.za",
            "domain_validation_options": [],
            "early_renewal_duration": "",
            "id": "arn:aws:acm:us-east-1:905418095730:certificate/d3487673-fb8e-4793-8a55-a7e16b46f547",
            "key_algorithm": "RSA_2048",
            "not_after": "",
            "not_before": "",
            "options": [
              {
                "certificate_transparency_logging_preference": "ENABLED",
                "export": "DISABLED"
              }
            ],
            "pending_renewal": false,
            "private_key": null,
            "region": "us-east-1",
            "renewal_eligibility": "INELIGIBLE",
            "renewal_summary": [],
            "status": "PENDING_VALIDATION",
            "subject_alternative_names": [
              "aws-demo.thabojafta.co.za"
            ],
            "tags": {},
            "tags_all": {},
            "type": "AMAZON_ISSUED",
            "validation_emails": [
              "admin@thabojafta.co.za",
              "administrator@thabojafta.co.za",
              "hostmaster@thabojafta.co.za",
              "postmaster@thabojafta.co.za",
              "webmaster@thabojafta.co.za"
            ],
            "validation_method": "EMAIL",
            "validation_option": [
              {
                "domain_name": "aws-demo.thabojafta.co.za",
                "validation_domain": "thabojafta.co.za"
              }
            ]
          },
          "sensitive_attributes": [
            [
              {
                "type": "get_attr",
                "value": "private_key"
              }
            ]
          ],
          "identity_schema_version": 0,
          "identity": {
            "arn": "arn:aws:acm:us-east-1:905418095730:certificate/d3487673-fb8e-4793-8a55-a7e16b46f547"
          },
          "private": "bnVsbA==",
          "create_before_destroy": true
        }
      ]
    },
    {
      "mode": "managed",
      "type": "aws_cloudfront_origin_access_identity",
      "name": "oai",
      "provider": "provider[\"registry.terraform.io/hashicorp/aws\"]",
      "instances": [
        {
          "schema_version": 0,
          "attributes": {
            "arn": "arn:aws:cloudfront::905418095730:origin-access-identity/E1EF2AHKQ81GI4",
            "caller_reference": "terraform-20250812175612560200000001",
            "cloudfront_access_identity_path": "origin-access-identity/cloudfront/E1EF2AHKQ81GI4",
            "comment": "OAI for www.thabojafta.co.za",
            "etag": "E1F83G8C2ARO7P",
            "iam_arn": "arn:aws:iam::cloudfront:user/CloudFront Origin Access Identity E1EF2AHKQ81GI4",
            "id": "E1EF2AHKQ81GI4",
            "s3_canonical_user_id": "2f7acf491d1c42e6cffbf5675029516d2283fa9d0152e5aa8f7338255a7104232701b587a36778eaf4fe40c649d41bdd"
          },
          "sensitive_attributes": [],
          "identity_schema_version": 0,
          "private": "bnVsbA=="
        }
      ]
    },
    {
      "mode": "managed",
      "type": "aws_route53_record",
      "name": "cert_validation",
      "provider": "provider[\"registry.terraform.io/hashicorp/aws\"]",
      "instances": [
        {
          "index_key": "www.thabojafta.co.za",
          "schema_version": 2,
          "attributes": {
            "alias": [],
            "allow_overwrite": true,
            "cidr_routing_policy": [],
            "failover_routing_policy": [],
            "fqdn": "_5b9e8a3fcf01db4f68665e2b1c859e7e.www.thabojafta.co.za",
            "geolocation_routing_policy": [],
            "geoproximity_routing_policy": [],
            "health_check_id": "",
            "id": "Z103078239KXHJPGC52ZZ__5b9e8a3fcf01db4f68665e2b1c859e7e.www.thabojafta.co.za._CNAME",
            "latency_routing_policy": [],
            "multivalue_answer_routing_policy": false,
            "name": "_5b9e8a3fcf01db4f68665e2b1c859e7e.www.thabojafta.co.za",
            "records": [
              "_c68f9828c896689a4dc07f3eced0db79.xlfgrmvvlj.acm-validations.aws."
            ],
            "set_identifier": "",
            "timeouts": null,
            "ttl": 60,
            "type": "CNAME",
            "weighted_routing_policy": [],
            "zone_id": "Z103078239KXHJPGC52ZZ"
          },
          "sensitive_attributes": [],
          "identity_schema_version": 0,
          "identity": {
            "account_id": "905418095730",
            "name": "_5b9e8a3fcf01db4f68665e2b1c859e7e.www.thabojafta.co.za",
            "set_identifier": null,
            "type": "CNAME",
            "zone_id": "Z103078239KXHJPGC52ZZ"
          },
          "private": "eyJlMmJmYjczMC1lY2FhLTExZTYtOGY4OC0zNDM2M2JjN2M0YzAiOnsiY3JlYXRlIjoxODAwMDAwMDAwMDAwLCJkZWxldGUiOjE4MDAwMDAwMDAwMDAsInVwZGF0ZSI6MTgwMDAwMDAwMDAwMH0sInNjaGVtYV92ZXJzaW9uIjoiMiJ9",
          "dependencies": [
            "aws_acm_certificate.cert",
            "data.aws_route53_zone.primary"
          ]
        }
      ]
    },
    {
      "mode": "managed",
      "type": "aws_s3_bucket",
      "name": "site",
      "provider": "provider[\"registry.terraform.io/hashicorp/aws\"]",
      "instances": [
        {
          "schema_version": 0,
          "attributes": {
            "acceleration_status": "",
            "acl": null,
            "arn": "arn:aws:s3:::www.thabojafta.co.za",
            "bucket": "www.thabojafta.co.za",
            "bucket_domain_name": "www.thabojafta.co.za.s3.amazonaws.com",
            "bucket_prefix": "",
            "bucket_region": "us-east-1",
            "bucket_regional_domain_name": "www.thabojafta.co.za.s3.us-east-1.amazonaws.com",
            "cors_rule": [],
            "force_destroy": true,
            "grant": [
              {
                "id": "32584a32d06feb6df1bb7ed5ef7f4729ade1dc7840234d26cd11eba662e16727",
                "permissions": [
                  "FULL_CONTROL"
                ],
                "type": "CanonicalUser",
                "uri": ""
              }
            ],
            "hosted_zone_id": "Z3AQBSTGFYJSTF",
            "id": "www.thabojafta.co.za",
            "lifecycle_rule": [],
            "logging": [],
            "object_lock_configuration": [],
            "object_lock_enabled": false,
            "policy": "{\"Statement\":[{\"Action\":\"s3:GetObject\",\"Effect\":\"Allow\",\"Principal\":{\"AWS\":\"arn:aws:iam::cloudfront:user/CloudFront Origin Access Identity E1EF2AHKQ81GI4\"},\"Resource\":\"arn:aws:s3:::www.thabojafta.co.za/*\",\"Sid\":\"AllowCloudFrontOAI\"}],\"Version\":\"2012-10-17\"}",
            "region": "us-east-1",
            "replication_configuration": [],
            "request_payer": "BucketOwner",
            "server_side_encryption_configuration": [
              {
                "rule": [
                  {
                    "apply_server_side_encryption_by_default": [
                      {
                        "kms_master_key_id": "",
                        "sse_algorithm": "AES256"
                      }
                    ],
                    "bucket_key_enabled": false
                  }
                ]
              }
            ],
            "tags": {},
            "tags_all": {},
            "timeouts": null,
            "versioning": [
              {
                "enabled": false,
                "mfa_delete": false
              }
            ],
            "website": [],
            "website_domain": null,
            "website_endpoint": null
          },
          "sensitive_attributes": [],
          "identity_schema_version": 0,
          "identity": {
            "account_id": "905418095730",
            "bucket": "www.thabojafta.co.za",
            "region": "us-east-1"
          },
          "private": "eyJlMmJmYjczMC1lY2FhLTExZTYtOGY4OC0zNDM2M2JjN2M0YzAiOnsiY3JlYXRlIjoxMjAwMDAwMDAwMDAwLCJkZWxldGUiOjM2MDAwMDAwMDAwMDAsInJlYWQiOjEyMDAwMDAwMDAwMDAsInVwZGF0ZSI6MTIwMDAwMDAwMDAwMH19"
        }
      ]
    },
    {
      "mode": "managed",
      "type": "aws_s3_bucket_policy",
      "name": "site_policy",
      "provider": "provider[\"registry.terraform.io/hashicorp/aws\"]",
      "instances": [
        {
          "schema_version": 0,
          "attributes": {
            "bucket": "www.thabojafta.co.za",
            "id": "www.thabojafta.co.za",
            "policy": "{\"Statement\":[{\"Action\":\"s3:GetObject\",\"Effect\":\"Allow\",\"Principal\":{\"AWS\":\"arn:aws:iam::cloudfront:user/CloudFront Origin Access Identity E1EF2AHKQ81GI4\"},\"Resource\":\"arn:aws:s3:::www.thabojafta.co.za/*\",\"Sid\":\"AllowCloudFrontOAI\"}],\"Version\":\"2012-10-17\"}",
            "region": "us-east-1"
          },
          "sensitive_attributes": [],
          "identity_schema_version": 0,
          "private": "bnVsbA==",
          "dependencies": [
            "aws_cloudfront_origin_access_identity.oai",
            "aws_s3_bucket.site"
          ]
        }
      ]
    },
    {
      "mode": "managed",
      "type": "aws_s3_bucket_public_access_block",
      "name": "block",
      "provider": "provider[\"registry.terraform.io/hashicorp/aws\"]",
      "instances": [
        {
          "schema_version": 0,
          "attributes": {
            "block_public_acls": true,
            "block_public_policy": true,
            "bucket": "www.thabojafta.co.za",
            "id": "www.thabojafta.co.za",
            "ignore_public_acls": true,
            "region": "us-east-1",
            "restrict_public_buckets": true,
            "skip_destroy": null
          },
          "sensitive_attributes": [],
          "identity_schema_version": 0,
          "private": "bnVsbA==",
          "dependencies": [
            "aws_s3_bucket.site"
          ]
        }
      ]
    }
  ],
  "check_results": null
}
